
Microsoft Visual Studio Solution File, Format Version 12.00
# Visual Studio Version 17
VisualStudioVersion = 17.14.36414.22 d17.14
MinimumVisualStudioVersion = 10.0.40219.1
Project("{FAE04EC0-301F-11D3-BF4B-00C04F79EFBC}") = "CarWashFinancialSystem", "CarWashFinancialSystem\CarWashFinancialSystem.csproj", "{6587559A-45F2-4E67-A45F-8E8E8F9F38C9}"
EndProject
Global
	GlobalSection(SolutionConfigurationPlatforms) = preSolution
		Debug|Any CPU = Debug|Any CPU
		Release|Any CPU = Release|Any CPU
	EndGlobalSection
	GlobalSection(ProjectConfigurationPlatforms) = postSolution
		{6587559A-45F2-4E67-A45F-8E8E8F9F38C9}.Debug|Any CPU.ActiveCfg = Debug|Any CPU
		{6587559A-45F2-4E67-A45F-8E8E8F9F38C9}.Debug|Any CPU.Build.0 = Debug|Any CPU
		{6587559A-45F2-4E67-A45F-8E8E8F9F38C9}.Release|Any CPU.ActiveCfg = Release|Any CPU
		{6587559A-45F2-4E67-A45F-8E8E8F9F38C9}.Release|Any CPU.Build.0 = Release|Any CPU
	EndGlobalSection
	GlobalSection(SolutionProperties) = preSolution
		HideSolutionNode = FALSE
	EndGlobalSection
	GlobalSection(ExtensibilityGlobals) = postSolution
		SolutionGuid = {F4F232A2-F0C3-443F-9880-310D69A34655}
	EndGlobalSection
EndGlobal
